
Microsoft Visual Studio Solution File, Format Version 12.00
# Visual Studio 15
VisualStudioVersion = 15.0.28307.329
MinimumVisualStudioVersion = 10.0.40219.1
Project("{FAE04EC0-301F-11D3-BF4B-00C04F79EFBC}") = "MVC_Address", "MVC_Address\MVC_Address.csproj", "{BA2A06AE-408D-4F31-B828-37F9A5E5E571}"
EndProject
Project("{FAE04EC0-301F-11D3-BF4B-00C04F79EFBC}") = "apiAddressbook", "apiAddressbook\apiAddressbook.csproj", "{62C7F962-A5B4-4642-8AFD-F360B9831202}"
EndProject
Global
	GlobalSection(SolutionConfigurationPlatforms) = preSolution
		Debug|Any CPU = Debug|Any CPU
		Release|Any CPU = Release|Any CPU
	EndGlobalSection
	GlobalSection(ProjectConfigurationPlatforms) = postSolution
		{BA2A06AE-408D-4F31-B828-37F9A5E5E571}.Debug|Any CPU.ActiveCfg = Debug|Any CPU
		{BA2A06AE-408D-4F31-B828-37F9A5E5E571}.Debug|Any CPU.Build.0 = Debug|Any CPU
		{BA2A06AE-408D-4F31-B828-37F9A5E5E571}.Release|Any CPU.ActiveCfg = Release|Any CPU
		{BA2A06AE-408D-4F31-B828-37F9A5E5E571}.Release|Any CPU.Build.0 = Release|Any CPU
		{62C7F962-A5B4-4642-8AFD-F360B9831202}.Debug|Any CPU.ActiveCfg = Debug|Any CPU
		{62C7F962-A5B4-4642-8AFD-F360B9831202}.Debug|Any CPU.Build.0 = Debug|Any CPU
		{62C7F962-A5B4-4642-8AFD-F360B9831202}.Release|Any CPU.ActiveCfg = Release|Any CPU
		{62C7F962-A5B4-4642-8AFD-F360B9831202}.Release|Any CPU.Build.0 = Release|Any CPU
	EndGlobalSection
	GlobalSection(SolutionProperties) = preSolution
		HideSolutionNode = FALSE
	EndGlobalSection
	GlobalSection(ExtensibilityGlobals) = postSolution
		SolutionGuid = {EBDF10AF-7E8C-4CE2-9FEC-DA2918EAC814}
	EndGlobalSection
EndGlobal
