
Microsoft Visual Studio Solution File, Format Version 12.00
# Visual Studio 15
VisualStudioVersion = 15.0.28307.329
MinimumVisualStudioVersion = 10.0.40219.1
Project("{FAE04EC0-301F-11D3-BF4B-00C04F79EFBC}") = "MVC_Address", "MVC_Address\MVC_Address.csproj", "{BA2A06AE-408D-4F31-B828-37F9A5E5E571}"
EndProject
Project("{FAE04EC0-301F-11D3-BF4B-00C04F79EFBC}") = "apiAddressbook", "apiAddressbook\apiAddressbook.csproj", "{62C7F962-A5B4-4642-8AFD-F360B9831202}"
EndProject
Project("{FAE04EC0-301F-11D3-BF4B-00C04F79EFBC}") = "appAddress.Android", "appAddress\appAddress.Android\appAddress.Android.csproj", "{6F1195C0-EC3F-4DF3-8A78-4F0D2F7673CA}"
EndProject
Project("{FAE04EC0-301F-11D3-BF4B-00C04F79EFBC}") = "appAddress.iOS", "appAddress\appAddress.iOS\appAddress.iOS.csproj", "{6E23116E-2997-41B9-AB94-5207F2DA70BD}"
EndProject
Project("{FAE04EC0-301F-11D3-BF4B-00C04F79EFBC}") = "appAddress", "appAddress\appAddress\appAddress.csproj", "{6F283EC8-8E71-4558-A5EA-4498FC438533}"
EndProject
Global
	GlobalSection(SolutionConfigurationPlatforms) = preSolution
		Ad-Hoc|Any CPU = Ad-Hoc|Any CPU
		Ad-Hoc|iPhone = Ad-Hoc|iPhone
		Ad-Hoc|iPhoneSimulator = Ad-Hoc|iPhoneSimulator
		AppStore|Any CPU = AppStore|Any CPU
		AppStore|iPhone = AppStore|iPhone
		AppStore|iPhoneSimulator = AppStore|iPhoneSimulator
		Debug|Any CPU = Debug|Any CPU
		Debug|iPhone = Debug|iPhone
		Debug|iPhoneSimulator = Debug|iPhoneSimulator
		Release|Any CPU = Release|Any CPU
		Release|iPhone = Release|iPhone
		Release|iPhoneSimulator = Release|iPhoneSimulator
	EndGlobalSection
	GlobalSection(ProjectConfigurationPlatforms) = postSolution
		{BA2A06AE-408D-4F31-B828-37F9A5E5E571}.Ad-Hoc|Any CPU.ActiveCfg = Release|Any CPU
		{BA2A06AE-408D-4F31-B828-37F9A5E5E571}.Ad-Hoc|Any CPU.Build.0 = Release|Any CPU
		{BA2A06AE-408D-4F31-B828-37F9A5E5E571}.Ad-Hoc|iPhone.ActiveCfg = Release|Any CPU
		{BA2A06AE-408D-4F31-B828-37F9A5E5E571}.Ad-Hoc|iPhone.Build.0 = Release|Any CPU
		{BA2A06AE-408D-4F31-B828-37F9A5E5E571}.Ad-Hoc|iPhoneSimulator.ActiveCfg = Release|Any CPU
		{BA2A06AE-408D-4F31-B828-37F9A5E5E571}.Ad-Hoc|iPhoneSimulator.Build.0 = Release|Any CPU
		{BA2A06AE-408D-4F31-B828-37F9A5E5E571}.AppStore|Any CPU.ActiveCfg = Release|Any CPU
		{BA2A06AE-408D-4F31-B828-37F9A5E5E571}.AppStore|Any CPU.Build.0 = Release|Any CPU
		{BA2A06AE-408D-4F31-B828-37F9A5E5E571}.AppStore|iPhone.ActiveCfg = Release|Any CPU
		{BA2A06AE-408D-4F31-B828-37F9A5E5E571}.AppStore|iPhone.Build.0 = Release|Any CPU
		{BA2A06AE-408D-4F31-B828-37F9A5E5E571}.AppStore|iPhoneSimulator.ActiveCfg = Release|Any CPU
		{BA2A06AE-408D-4F31-B828-37F9A5E5E571}.AppStore|iPhoneSimulator.Build.0 = Release|Any CPU
		{BA2A06AE-408D-4F31-B828-37F9A5E5E571}.Debug|Any CPU.ActiveCfg = Debug|Any CPU
		{BA2A06AE-408D-4F31-B828-37F9A5E5E571}.Debug|Any CPU.Build.0 = Debug|Any CPU
		{BA2A06AE-408D-4F31-B828-37F9A5E5E571}.Debug|iPhone.ActiveCfg = Debug|Any CPU
		{BA2A06AE-408D-4F31-B828-37F9A5E5E571}.Debug|iPhone.Build.0 = Debug|Any CPU
		{BA2A06AE-408D-4F31-B828-37F9A5E5E571}.Debug|iPhoneSimulator.ActiveCfg = Debug|Any CPU
		{BA2A06AE-408D-4F31-B828-37F9A5E5E571}.Debug|iPhoneSimulator.Build.0 = Debug|Any CPU
		{BA2A06AE-408D-4F31-B828-37F9A5E5E571}.Release|Any CPU.ActiveCfg = Release|Any CPU
		{BA2A06AE-408D-4F31-B828-37F9A5E5E571}.Release|Any CPU.Build.0 = Release|Any CPU
		{BA2A06AE-408D-4F31-B828-37F9A5E5E571}.Release|iPhone.ActiveCfg = Release|Any CPU
		{BA2A06AE-408D-4F31-B828-37F9A5E5E571}.Release|iPhone.Build.0 = Release|Any CPU
		{BA2A06AE-408D-4F31-B828-37F9A5E5E571}.Release|iPhoneSimulator.ActiveCfg = Release|Any CPU
		{BA2A06AE-408D-4F31-B828-37F9A5E5E571}.Release|iPhoneSimulator.Build.0 = Release|Any CPU
		{62C7F962-A5B4-4642-8AFD-F360B9831202}.Ad-Hoc|Any CPU.ActiveCfg = Release|Any CPU
		{62C7F962-A5B4-4642-8AFD-F360B9831202}.Ad-Hoc|Any CPU.Build.0 = Release|Any CPU
		{62C7F962-A5B4-4642-8AFD-F360B9831202}.Ad-Hoc|iPhone.ActiveCfg = Release|Any CPU
		{62C7F962-A5B4-4642-8AFD-F360B9831202}.Ad-Hoc|iPhone.Build.0 = Release|Any CPU
		{62C7F962-A5B4-4642-8AFD-F360B9831202}.Ad-Hoc|iPhoneSimulator.ActiveCfg = Release|Any CPU
		{62C7F962-A5B4-4642-8AFD-F360B9831202}.Ad-Hoc|iPhoneSimulator.Build.0 = Release|Any CPU
		{62C7F962-A5B4-4642-8AFD-F360B9831202}.AppStore|Any CPU.ActiveCfg = Release|Any CPU
		{62C7F962-A5B4-4642-8AFD-F360B9831202}.AppStore|Any CPU.Build.0 = Release|Any CPU
		{62C7F962-A5B4-4642-8AFD-F360B9831202}.AppStore|iPhone.ActiveCfg = Release|Any CPU
		{62C7F962-A5B4-4642-8AFD-F360B9831202}.AppStore|iPhone.Build.0 = Release|Any CPU
		{62C7F962-A5B4-4642-8AFD-F360B9831202}.AppStore|iPhoneSimulator.ActiveCfg = Release|Any CPU
		{62C7F962-A5B4-4642-8AFD-F360B9831202}.AppStore|iPhoneSimulator.Build.0 = Release|Any CPU
		{62C7F962-A5B4-4642-8AFD-F360B9831202}.Debug|Any CPU.ActiveCfg = Debug|Any CPU
		{62C7F962-A5B4-4642-8AFD-F360B9831202}.Debug|Any CPU.Build.0 = Debug|Any CPU
		{62C7F962-A5B4-4642-8AFD-F360B9831202}.Debug|iPhone.ActiveCfg = Debug|Any CPU
		{62C7F962-A5B4-4642-8AFD-F360B9831202}.Debug|iPhone.Build.0 = Debug|Any CPU
		{62C7F962-A5B4-4642-8AFD-F360B9831202}.Debug|iPhoneSimulator.ActiveCfg = Debug|Any CPU
		{62C7F962-A5B4-4642-8AFD-F360B9831202}.Debug|iPhoneSimulator.Build.0 = Debug|Any CPU
		{62C7F962-A5B4-4642-8AFD-F360B9831202}.Release|Any CPU.ActiveCfg = Release|Any CPU
		{62C7F962-A5B4-4642-8AFD-F360B9831202}.Release|Any CPU.Build.0 = Release|Any CPU
		{62C7F962-A5B4-4642-8AFD-F360B9831202}.Release|iPhone.ActiveCfg = Release|Any CPU
		{62C7F962-A5B4-4642-8AFD-F360B9831202}.Release|iPhone.Build.0 = Release|Any CPU
		{62C7F962-A5B4-4642-8AFD-F360B9831202}.Release|iPhoneSimulator.ActiveCfg = Release|Any CPU
		{62C7F962-A5B4-4642-8AFD-F360B9831202}.Release|iPhoneSimulator.Build.0 = Release|Any CPU
		{6F1195C0-EC3F-4DF3-8A78-4F0D2F7673CA}.Ad-Hoc|Any CPU.ActiveCfg = Release|Any CPU
		{6F1195C0-EC3F-4DF3-8A78-4F0D2F7673CA}.Ad-Hoc|Any CPU.Build.0 = Release|Any CPU
		{6F1195C0-EC3F-4DF3-8A78-4F0D2F7673CA}.Ad-Hoc|Any CPU.Deploy.0 = Release|Any CPU
		{6F1195C0-EC3F-4DF3-8A78-4F0D2F7673CA}.Ad-Hoc|iPhone.ActiveCfg = Release|Any CPU
		{6F1195C0-EC3F-4DF3-8A78-4F0D2F7673CA}.Ad-Hoc|iPhone.Build.0 = Release|Any CPU
		{6F1195C0-EC3F-4DF3-8A78-4F0D2F7673CA}.Ad-Hoc|iPhone.Deploy.0 = Release|Any CPU
		{6F1195C0-EC3F-4DF3-8A78-4F0D2F7673CA}.Ad-Hoc|iPhoneSimulator.ActiveCfg = Release|Any CPU
		{6F1195C0-EC3F-4DF3-8A78-4F0D2F7673CA}.Ad-Hoc|iPhoneSimulator.Build.0 = Release|Any CPU
		{6F1195C0-EC3F-4DF3-8A78-4F0D2F7673CA}.Ad-Hoc|iPhoneSimulator.Deploy.0 = Release|Any CPU
		{6F1195C0-EC3F-4DF3-8A78-4F0D2F7673CA}.AppStore|Any CPU.ActiveCfg = Release|Any CPU
		{6F1195C0-EC3F-4DF3-8A78-4F0D2F7673CA}.AppStore|Any CPU.Build.0 = Release|Any CPU
		{6F1195C0-EC3F-4DF3-8A78-4F0D2F7673CA}.AppStore|Any CPU.Deploy.0 = Release|Any CPU
		{6F1195C0-EC3F-4DF3-8A78-4F0D2F7673CA}.AppStore|iPhone.ActiveCfg = Release|Any CPU
		{6F1195C0-EC3F-4DF3-8A78-4F0D2F7673CA}.AppStore|iPhone.Build.0 = Release|Any CPU
		{6F1195C0-EC3F-4DF3-8A78-4F0D2F7673CA}.AppStore|iPhone.Deploy.0 = Release|Any CPU
		{6F1195C0-EC3F-4DF3-8A78-4F0D2F7673CA}.AppStore|iPhoneSimulator.ActiveCfg = Release|Any CPU
		{6F1195C0-EC3F-4DF3-8A78-4F0D2F7673CA}.AppStore|iPhoneSimulator.Build.0 = Release|Any CPU
		{6F1195C0-EC3F-4DF3-8A78-4F0D2F7673CA}.AppStore|iPhoneSimulator.Deploy.0 = Release|Any CPU
		{6F1195C0-EC3F-4DF3-8A78-4F0D2F7673CA}.Debug|Any CPU.ActiveCfg = Debug|Any CPU
		{6F1195C0-EC3F-4DF3-8A78-4F0D2F7673CA}.Debug|Any CPU.Build.0 = Debug|Any CPU
		{6F1195C0-EC3F-4DF3-8A78-4F0D2F7673CA}.Debug|Any CPU.Deploy.0 = Debug|Any CPU
		{6F1195C0-EC3F-4DF3-8A78-4F0D2F7673CA}.Debug|iPhone.ActiveCfg = Debug|Any CPU
		{6F1195C0-EC3F-4DF3-8A78-4F0D2F7673CA}.Debug|iPhone.Build.0 = Debug|Any CPU
		{6F1195C0-EC3F-4DF3-8A78-4F0D2F7673CA}.Debug|iPhone.Deploy.0 = Debug|Any CPU
		{6F1195C0-EC3F-4DF3-8A78-4F0D2F7673CA}.Debug|iPhoneSimulator.ActiveCfg = Debug|Any CPU
		{6F1195C0-EC3F-4DF3-8A78-4F0D2F7673CA}.Debug|iPhoneSimulator.Build.0 = Debug|Any CPU
		{6F1195C0-EC3F-4DF3-8A78-4F0D2F7673CA}.Debug|iPhoneSimulator.Deploy.0 = Debug|Any CPU
		{6F1195C0-EC3F-4DF3-8A78-4F0D2F7673CA}.Release|Any CPU.ActiveCfg = Release|Any CPU
		{6F1195C0-EC3F-4DF3-8A78-4F0D2F7673CA}.Release|Any CPU.Build.0 = Release|Any CPU
		{6F1195C0-EC3F-4DF3-8A78-4F0D2F7673CA}.Release|Any CPU.Deploy.0 = Release|Any CPU
		{6F1195C0-EC3F-4DF3-8A78-4F0D2F7673CA}.Release|iPhone.ActiveCfg = Release|Any CPU
		{6F1195C0-EC3F-4DF3-8A78-4F0D2F7673CA}.Release|iPhone.Build.0 = Release|Any CPU
		{6F1195C0-EC3F-4DF3-8A78-4F0D2F7673CA}.Release|iPhone.Deploy.0 = Release|Any CPU
		{6F1195C0-EC3F-4DF3-8A78-4F0D2F7673CA}.Release|iPhoneSimulator.ActiveCfg = Release|Any CPU
		{6F1195C0-EC3F-4DF3-8A78-4F0D2F7673CA}.Release|iPhoneSimulator.Build.0 = Release|Any CPU
		{6F1195C0-EC3F-4DF3-8A78-4F0D2F7673CA}.Release|iPhoneSimulator.Deploy.0 = Release|Any CPU
		{6E23116E-2997-41B9-AB94-5207F2DA70BD}.Ad-Hoc|Any CPU.ActiveCfg = Ad-Hoc|iPhone
		{6E23116E-2997-41B9-AB94-5207F2DA70BD}.Ad-Hoc|iPhone.ActiveCfg = Ad-Hoc|iPhone
		{6E23116E-2997-41B9-AB94-5207F2DA70BD}.Ad-Hoc|iPhone.Build.0 = Ad-Hoc|iPhone
		{6E23116E-2997-41B9-AB94-5207F2DA70BD}.Ad-Hoc|iPhoneSimulator.ActiveCfg = Ad-Hoc|iPhoneSimulator
		{6E23116E-2997-41B9-AB94-5207F2DA70BD}.Ad-Hoc|iPhoneSimulator.Build.0 = Ad-Hoc|iPhoneSimulator
		{6E23116E-2997-41B9-AB94-5207F2DA70BD}.AppStore|Any CPU.ActiveCfg = AppStore|iPhone
		{6E23116E-2997-41B9-AB94-5207F2DA70BD}.AppStore|iPhone.ActiveCfg = AppStore|iPhone
		{6E23116E-2997-41B9-AB94-5207F2DA70BD}.AppStore|iPhone.Build.0 = AppStore|iPhone
		{6E23116E-2997-41B9-AB94-5207F2DA70BD}.AppStore|iPhoneSimulator.ActiveCfg = AppStore|iPhoneSimulator
		{6E23116E-2997-41B9-AB94-5207F2DA70BD}.AppStore|iPhoneSimulator.Build.0 = AppStore|iPhoneSimulator
		{6E23116E-2997-41B9-AB94-5207F2DA70BD}.Debug|Any CPU.ActiveCfg = Debug|iPhone
		{6E23116E-2997-41B9-AB94-5207F2DA70BD}.Debug|iPhone.ActiveCfg = Debug|iPhone
		{6E23116E-2997-41B9-AB94-5207F2DA70BD}.Debug|iPhone.Build.0 = Debug|iPhone
		{6E23116E-2997-41B9-AB94-5207F2DA70BD}.Debug|iPhoneSimulator.ActiveCfg = Debug|iPhoneSimulator
		{6E23116E-2997-41B9-AB94-5207F2DA70BD}.Debug|iPhoneSimulator.Build.0 = Debug|iPhoneSimulator
		{6E23116E-2997-41B9-AB94-5207F2DA70BD}.Release|Any CPU.ActiveCfg = Release|iPhone
		{6E23116E-2997-41B9-AB94-5207F2DA70BD}.Release|iPhone.ActiveCfg = Release|iPhone
		{6E23116E-2997-41B9-AB94-5207F2DA70BD}.Release|iPhone.Build.0 = Release|iPhone
		{6E23116E-2997-41B9-AB94-5207F2DA70BD}.Release|iPhoneSimulator.ActiveCfg = Release|iPhoneSimulator
		{6E23116E-2997-41B9-AB94-5207F2DA70BD}.Release|iPhoneSimulator.Build.0 = Release|iPhoneSimulator
		{6F283EC8-8E71-4558-A5EA-4498FC438533}.Ad-Hoc|Any CPU.ActiveCfg = Debug|Any CPU
		{6F283EC8-8E71-4558-A5EA-4498FC438533}.Ad-Hoc|Any CPU.Build.0 = Debug|Any CPU
		{6F283EC8-8E71-4558-A5EA-4498FC438533}.Ad-Hoc|iPhone.ActiveCfg = Debug|Any CPU
		{6F283EC8-8E71-4558-A5EA-4498FC438533}.Ad-Hoc|iPhone.Build.0 = Debug|Any CPU
		{6F283EC8-8E71-4558-A5EA-4498FC438533}.Ad-Hoc|iPhoneSimulator.ActiveCfg = Debug|Any CPU
		{6F283EC8-8E71-4558-A5EA-4498FC438533}.Ad-Hoc|iPhoneSimulator.Build.0 = Debug|Any CPU
		{6F283EC8-8E71-4558-A5EA-4498FC438533}.AppStore|Any CPU.ActiveCfg = Debug|Any CPU
		{6F283EC8-8E71-4558-A5EA-4498FC438533}.AppStore|Any CPU.Build.0 = Debug|Any CPU
		{6F283EC8-8E71-4558-A5EA-4498FC438533}.AppStore|iPhone.ActiveCfg = Debug|Any CPU
		{6F283EC8-8E71-4558-A5EA-4498FC438533}.AppStore|iPhone.Build.0 = Debug|Any CPU
		{6F283EC8-8E71-4558-A5EA-4498FC438533}.AppStore|iPhoneSimulator.ActiveCfg = Debug|Any CPU
		{6F283EC8-8E71-4558-A5EA-4498FC438533}.AppStore|iPhoneSimulator.Build.0 = Debug|Any CPU
		{6F283EC8-8E71-4558-A5EA-4498FC438533}.Debug|Any CPU.ActiveCfg = Debug|Any CPU
		{6F283EC8-8E71-4558-A5EA-4498FC438533}.Debug|Any CPU.Build.0 = Debug|Any CPU
		{6F283EC8-8E71-4558-A5EA-4498FC438533}.Debug|iPhone.ActiveCfg = Debug|Any CPU
		{6F283EC8-8E71-4558-A5EA-4498FC438533}.Debug|iPhone.Build.0 = Debug|Any CPU
		{6F283EC8-8E71-4558-A5EA-4498FC438533}.Debug|iPhoneSimulator.ActiveCfg = Debug|Any CPU
		{6F283EC8-8E71-4558-A5EA-4498FC438533}.Debug|iPhoneSimulator.Build.0 = Debug|Any CPU
		{6F283EC8-8E71-4558-A5EA-4498FC438533}.Release|Any CPU.ActiveCfg = Release|Any CPU
		{6F283EC8-8E71-4558-A5EA-4498FC438533}.Release|Any CPU.Build.0 = Release|Any CPU
		{6F283EC8-8E71-4558-A5EA-4498FC438533}.Release|iPhone.ActiveCfg = Release|Any CPU
		{6F283EC8-8E71-4558-A5EA-4498FC438533}.Release|iPhone.Build.0 = Release|Any CPU
		{6F283EC8-8E71-4558-A5EA-4498FC438533}.Release|iPhoneSimulator.ActiveCfg = Release|Any CPU
		{6F283EC8-8E71-4558-A5EA-4498FC438533}.Release|iPhoneSimulator.Build.0 = Release|Any CPU
	EndGlobalSection
	GlobalSection(SolutionProperties) = preSolution
		HideSolutionNode = FALSE
	EndGlobalSection
	GlobalSection(ExtensibilityGlobals) = postSolution
		SolutionGuid = {EBDF10AF-7E8C-4CE2-9FEC-DA2918EAC814}
	EndGlobalSection
EndGlobal
